
Microsoft Visual Studio Solution File, Format Version 12.00
# Visual Studio Version 17
VisualStudioVersion = 17.1.32210.238
MinimumVisualStudioVersion = 10.0.40219.1
Project("{FAE04EC0-301F-11D3-BF4B-00C04F79EFBC}") = "CoreRenderToPdf", "CoreRenderToPdf\CoreRenderToPdf.csproj", "{666BFD1D-FB6C-43CF-99DF-F2B634628C2C}"
EndProject
Project("{FAE04EC0-301F-11D3-BF4B-00C04F79EFBC}") = "CoreRenderToPdfTest", "..\CoreRenderToPdfTest\CoreRenderToPdfTest.csproj", "{6491542F-C4FA-4867-8ED2-A4E5DFDD8CCA}"
EndProject
Global
	GlobalSection(SolutionConfigurationPlatforms) = preSolution
		Debug|Any CPU = Debug|Any CPU
		Release|Any CPU = Release|Any CPU
	EndGlobalSection
	GlobalSection(ProjectConfigurationPlatforms) = postSolution
		{666BFD1D-FB6C-43CF-99DF-F2B634628C2C}.Debug|Any CPU.ActiveCfg = Debug|Any CPU
		{666BFD1D-FB6C-43CF-99DF-F2B634628C2C}.Debug|Any CPU.Build.0 = Debug|Any CPU
		{666BFD1D-FB6C-43CF-99DF-F2B634628C2C}.Release|Any CPU.ActiveCfg = Release|Any CPU
		{666BFD1D-FB6C-43CF-99DF-F2B634628C2C}.Release|Any CPU.Build.0 = Release|Any CPU
		{6491542F-C4FA-4867-8ED2-A4E5DFDD8CCA}.Debug|Any CPU.ActiveCfg = Debug|Any CPU
		{6491542F-C4FA-4867-8ED2-A4E5DFDD8CCA}.Debug|Any CPU.Build.0 = Debug|Any CPU
		{6491542F-C4FA-4867-8ED2-A4E5DFDD8CCA}.Release|Any CPU.ActiveCfg = Release|Any CPU
		{6491542F-C4FA-4867-8ED2-A4E5DFDD8CCA}.Release|Any CPU.Build.0 = Release|Any CPU
	EndGlobalSection
	GlobalSection(SolutionProperties) = preSolution
		HideSolutionNode = FALSE
	EndGlobalSection
	GlobalSection(ExtensibilityGlobals) = postSolution
		SolutionGuid = {F13374BB-BD68-4DD5-8F11-2919CE71B1E6}
	EndGlobalSection
EndGlobal
